version = 1
requires-python = ">=3.13"

[[package]]
name = "annotated-types"
version = "0.7.0"
source = { registry = "https://pypi.org/simple" }
sdist = { url = "https://files.pythonhosted.org/packages/ee/67/531ea369ba64dcff5ec9c3402f9f51bf748cec26dde048a2f973a4eea7f5/annotated_types-0.7.0.tar.gz", hash = "sha256:aff07c09a53a08bc8cfccb9c85b05f1aa9a2a6f23728d790723543408344ce89", size = 16081 }
wheels = [
    { url = "https://files.pythonhosted.org/packages/78/b6/6307fbef88d9b5ee7421e68d78a9f162e0da4900bc5f5793f6d3d0e34fb8/annotated_types-0.7.0-py3-none-any.whl", hash = "sha256:1f02e8b43a8fbbc3f3e0d4f0f4bfc8131bcb4eebe8849b8e5c773f3a1c582a53", size = 13643 },
]

[[package]]
name = "bitarray"
version = "3.1.0"
source = { registry = "https://pypi.org/simple" }
sdist = { url = "https://files.pythonhosted.org/packages/33/33/1cacd69541f57649a55db29dbdaae8c93a2e64583388363aa3c62dc1b5c2/bitarray-3.1.0.tar.gz", hash = "sha256:71757171a45eac58782861c49137ba3bed0da489155311857f69f4e9baf81fa4", size = 127114 }
wheels = [
    { url = "https://files.pythonhosted.org/packages/7d/2d/8e9b60dcf950b6680597e4fbbbac75c8c65a109d2d91e0ce452c07ba410b/bitarray-3.1.0-cp313-cp313-macosx_10_13_x86_64.whl", hash = "sha256:6ea4a888e45fdabc89705837b10030a990ec4879d14fccc3b9450ab56ca9d7ec", size = 123473 },
    { url = "https://files.pythonhosted.org/packages/1a/d0/2acf62614c9f502f479c4b03ac79ab17a91d3db354406b0b67839adb7ab2/bitarray-3.1.0-cp313-cp313-macosx_11_0_arm64.whl", hash = "sha256:2695c23b9857105631e9d4f8ebbcc8a4e55c6c9f31bc80d9e5e018e377d650d8", size = 120338 },
    { url = "https://files.pythonhosted.org/packages/a2/6c/4a736189e261293f50057b700176b28a135e8a75ed41ea63edaa732cd66b/bitarray-3.1.0-cp313-cp313-manylinux_2_17_aarch64.manylinux2014_aarch64.whl", hash = "sha256:577a1ffc6318cdcbf91e8492596004bb1572ce3c703aa42c16c8ac1188625b8d", size = 293831 },
    { url = "https://files.pythonhosted.org/packages/c5/74/4352988907e5a2cb846fb12e57ad336855a81e78665cdec6072fd0a385cf/bitarray-3.1.0-cp313-cp313-manylinux_2_17_ppc64le.manylinux2014_ppc64le.whl", hash = "sha256:1221d5d1255a74397f938ff822d8df4b0cc416b74e5659d21c3fe5f3d06590a1", size = 307758 },
    { url = "https://files.pythonhosted.org/packages/74/68/080243639c2dabaa100a7b6e539c6f6719186b0de312aa575e77a6502f4c/bitarray-3.1.0-cp313-cp313-manylinux_2_17_s390x.manylinux2014_s390x.whl", hash = "sha256:91e9309912700ab085cf78d162ad0bf0d3de35e5e084868400672b4ce3befbb0", size = 309828 },
    { url = "https://files.pythonhosted.org/packages/bd/9f/7b8edbf10d1fadf6df73ba668cb49d1626c464e85484a40b42b389ebc2f4/bitarray-3.1.0-cp313-cp313-manylinux_2_17_x86_64.manylinux2014_x86_64.whl", hash = "sha256:e8c319f77118bac6aded58a0d2f172ac1b06e00bfa5391033848864e39bfd771", size = 294524 },
    { url = "https://files.pythonhosted.org/packages/19/56/cfa3c34f5a56e52ef91036cf26e2e6df9576e01c449414831fabd0c5eed1/bitarray-3.1.0-cp313-cp313-manylinux_2_5_i686.manylinux1_i686.manylinux_2_17_i686.manylinux2014_i686.whl", hash = "sha256:08004c22af11a234a73a8edf744524fb67e89ab4c80791f647c522687ddcb4b9", size = 284160 },
    { url = "https://files.pythonhosted.org/packages/15/63/ae160f4fe8bcf46c4ed057d277ad6e03532f50583599fc74b80f3d1c347d/bitarray-3.1.0-cp313-cp313-musllinux_1_2_aarch64.whl", hash = "sha256:afb4d8876fff11cced4377f055498fd3c179e6e2bf7165fd055dabc494005252", size = 287858 },
    { url = "https://files.pythonhosted.org/packages/d6/23/5061657b3cff855dcd9d273e9edf39dfe68e9de3fd61036ef30b2dc70410/bitarray-3.1.0-cp313-cp313-musllinux_1_2_i686.whl", hash = "sha256:7c228c78bd20f2a46a2f3f2e349292c604ae26210dad56afe4b64ea65f72db75", size = 280029 },
    { url = "https://files.pythonhosted.org/packages/8b/1a/460b993d20088917661b14f3c32f2036b332c281a57f89d73e33918de541/bitarray-3.1.0-cp313-cp313-musllinux_1_2_ppc64le.whl", hash = "sha256:139115998ffcffd8b883e1f21ced6f1d96947c5ace51f9656ceccedea5765557", size = 303238 },
    { url = "https://files.pythonhosted.org/packages/74/a6/41092e6a2bf2f05e971dd609999312da2cf0a1b03f6839a366a45d4550c5/bitarray-3.1.0-cp313-cp313-musllinux_1_2_s390x.whl", hash = "sha256:7e3ade382c9a5d5d77635041dd2aaa4e59326c8f62e1fb33ce28ddaeaa6ae7b6", size = 314627 },
    { url = "https://files.pythonhosted.org/packages/bf/d9/af8af3a7cd1d4543a4d097b2e2f55ae959ba2c70311c30a4330266165c00/bitarray-3.1.0-cp313-cp313-musllinux_1_2_x86_64.whl", hash = "sha256:5efdb6403d206068d434caf9deb7ab936732c06e5617a63e213c94ac750303f4", size = 286901 },
    { url = "https://files.pythonhosted.org/packages/56/06/37c3b60e6a0da03cba7a437e6b8143affe8c6ba9c44345f6635d8ebb7620/bitarray-3.1.0-cp313-cp313-win32.whl", hash = "sha256:69721fef0427a7f56ed7eef16ff9ddec96c64cee4d7abb5e7511c9aedebafc0f", size = 116827 },
    { url = "https://files.pythonhosted.org/packages/c1/83/e2ced9b9d289c6d97bc756c7e5c7773d2d9791f6ac26b0a49f25eaa85068/bitarray-3.1.0-cp313-cp313-win_amd64.whl", hash = "sha256:34d75765b5c558e7bffa247493412831c6edb5c40e639a6ac94999bc6f40a6c8", size = 123146 },
]

[[package]]
name = "certifi"
version = "2025.1.31"
source = { registry = "https://pypi.org/simple" }
sdist = { url = "https://files.pythonhosted.org/packages/1c/ab/c9f1e32b7b1bf505bf26f0ef697775960db7932abeb7b516de930ba2705f/certifi-2025.1.31.tar.gz", hash = "sha256:3d5da6925056f6f18f119200434a4780a94263f10d1c21d032a6f6b2baa20651", size = 167577 }
wheels = [
    { url = "https://files.pythonhosted.org/packages/38/fc/bce832fd4fd99766c04d1ee0eead6b0ec6486fb100ae5e74c1d91292b982/certifi-2025.1.31-py3-none-any.whl", hash = "sha256:ca78db4565a652026a4db2bcdf68f2fb589ea80d0be70e03929ed730746b84fe", size = 166393 },
]

[[package]]
name = "charset-normalizer"
version = "3.4.1"
source = { registry = "https://pypi.org/simple" }
sdist = { url = "https://files.pythonhosted.org/packages/16/b0/572805e227f01586461c80e0fd25d65a2115599cc9dad142fee4b747c357/charset_normalizer-3.4.1.tar.gz", hash = "sha256:44251f18cd68a75b56585dd00dae26183e102cd5e0f9f1466e6df5da2ed64ea3", size = 123188 }
wheels = [
    { url = "https://files.pythonhosted.org/packages/38/94/ce8e6f63d18049672c76d07d119304e1e2d7c6098f0841b51c666e9f44a0/charset_normalizer-3.4.1-cp313-cp313-macosx_10_13_universal2.whl", hash = "sha256:aabfa34badd18f1da5ec1bc2715cadc8dca465868a4e73a0173466b688f29dda", size = 195698 },
    { url = "https://files.pythonhosted.org/packages/24/2e/dfdd9770664aae179a96561cc6952ff08f9a8cd09a908f259a9dfa063568/charset_normalizer-3.4.1-cp313-cp313-manylinux_2_17_aarch64.manylinux2014_aarch64.whl", hash = "sha256:22e14b5d70560b8dd51ec22863f370d1e595ac3d024cb8ad7d308b4cd95f8313", size = 140162 },
    { url = "https://files.pythonhosted.org/packages/24/4e/f646b9093cff8fc86f2d60af2de4dc17c759de9d554f130b140ea4738ca6/charset_normalizer-3.4.1-cp313-cp313-manylinux_2_17_ppc64le.manylinux2014_ppc64le.whl", hash = "sha256:8436c508b408b82d87dc5f62496973a1805cd46727c34440b0d29d8a2f50a6c9", size = 150263 },
    { url = "https://files.pythonhosted.org/packages/5e/67/2937f8d548c3ef6e2f9aab0f6e21001056f692d43282b165e7c56023e6dd/charset_normalizer-3.4.1-cp313-cp313-manylinux_2_17_s390x.manylinux2014_s390x.whl", hash = "sha256:2d074908e1aecee37a7635990b2c6d504cd4766c7bc9fc86d63f9c09af3fa11b", size = 142966 },
    { url = "https://files.pythonhosted.org/packages/52/ed/b7f4f07de100bdb95c1756d3a4d17b90c1a3c53715c1a476f8738058e0fa/charset_normalizer-3.4.1-cp313-cp313-manylinux_2_17_x86_64.manylinux2014_x86_64.whl", hash = "sha256:955f8851919303c92343d2f66165294848d57e9bba6cf6e3625485a70a038d11", size = 144992 },
    { url = "https://files.pythonhosted.org/packages/96/2c/d49710a6dbcd3776265f4c923bb73ebe83933dfbaa841c5da850fe0fd20b/charset_normalizer-3.4.1-cp313-cp313-manylinux_2_5_i686.manylinux1_i686.manylinux_2_17_i686.manylinux2014_i686.whl", hash = "sha256:44ecbf16649486d4aebafeaa7ec4c9fed8b88101f4dd612dcaf65d5e815f837f", size = 147162 },
    { url = "https://files.pythonhosted.org/packages/b4/41/35ff1f9a6bd380303dea55e44c4933b4cc3c4850988927d4082ada230273/charset_normalizer-3.4.1-cp313-cp313-musllinux_1_2_aarch64.whl", hash = "sha256:0924e81d3d5e70f8126529951dac65c1010cdf117bb75eb02dd12339b57749dd", size = 140972 },
    { url = "https://files.pythonhosted.org/packages/fb/43/c6a0b685fe6910d08ba971f62cd9c3e862a85770395ba5d9cad4fede33ab/charset_normalizer-3.4.1-cp313-cp313-musllinux_1_2_i686.whl", hash = "sha256:2967f74ad52c3b98de4c3b32e1a44e32975e008a9cd2a8cc8966d6a5218c5cb2", size = 149095 },
    { url = "https://files.pythonhosted.org/packages/4c/ff/a9a504662452e2d2878512115638966e75633519ec11f25fca3d2049a94a/charset_normalizer-3.4.1-cp313-cp313-musllinux_1_2_ppc64le.whl", hash = "sha256:c75cb2a3e389853835e84a2d8fb2b81a10645b503eca9bcb98df6b5a43eb8886", size = 152668 },
    { url = "https://files.pythonhosted.org/packages/6c/71/189996b6d9a4b932564701628af5cee6716733e9165af1d5e1b285c530ed/charset_normalizer-3.4.1-cp313-cp313-musllinux_1_2_s390x.whl", hash = "sha256:09b26ae6b1abf0d27570633b2b078a2a20419c99d66fb2823173d73f188ce601", size = 150073 },
    { url = "https://files.pythonhosted.org/packages/e4/93/946a86ce20790e11312c87c75ba68d5f6ad2208cfb52b2d6a2c32840d922/charset_normalizer-3.4.1-cp313-cp313-musllinux_1_2_x86_64.whl", hash = "sha256:fa88b843d6e211393a37219e6a1c1df99d35e8fd90446f1118f4216e307e48cd", size = 145732 },
    { url = "https://files.pythonhosted.org/packages/cd/e5/131d2fb1b0dddafc37be4f3a2fa79aa4c037368be9423061dccadfd90091/charset_normalizer-3.4.1-cp313-cp313-win32.whl", hash = "sha256:eb8178fe3dba6450a3e024e95ac49ed3400e506fd4e9e5c32d30adda88cbd407", size = 95391 },
    { url = "https://files.pythonhosted.org/packages/27/f2/4f9a69cc7712b9b5ad8fdb87039fd89abba997ad5cbe690d1835d40405b0/charset_normalizer-3.4.1-cp313-cp313-win_amd64.whl", hash = "sha256:b1ac5992a838106edb89654e0aebfc24f5848ae2547d22c2c3f66454daa11971", size = 102702 },
    { url = "https://files.pythonhosted.org/packages/0e/f6/65ecc6878a89bb1c23a086ea335ad4bf21a588990c3f535a227b9eea9108/charset_normalizer-3.4.1-py3-none-any.whl", hash = "sha256:d98b1668f06378c6dbefec3b92299716b931cd4e6061f3c875a71ced1780ab85", size = 49767 },
]

[[package]]
name = "ckzg"
version = "2.0.1"
source = { registry = "https://pypi.org/simple" }
sdist = { url = "https://files.pythonhosted.org/packages/70/80/4b6219a65634915efc4694fa606f38d4b893dcdc1e50b9bcf69b38ec82b0/ckzg-2.0.1.tar.gz", hash = "sha256:62c5adc381637affa7e1df465c57750b356a761b8a3164c3106589b02532b9c9", size = 1113747 }
wheels = [
    { url = "https://files.pythonhosted.org/packages/79/92/4910b9131eb637c6f72e655c1535b9a9c72a5fb2bdf52742f50066cb9e6b/ckzg-2.0.1-cp313-cp313-macosx_10_13_x86_64.whl", hash = "sha256:9747d92883199d4f8f3a3d7018134745fddcf692dfe67115434e4b32609ea785", size = 114793 },
    { url = "https://files.pythonhosted.org/packages/09/95/cb52623cbc4573b2e65bd924524f479e6a8611002c4634dfd6e9d490b403/ckzg-2.0.1-cp313-cp313-macosx_11_0_arm64.whl", hash = "sha256:b2cf58fb9e165da97f0ffe9f4a6efb73992645fac8e0fa223a6cc7ec486a434a", size = 98715 },
    { url = "https://files.pythonhosted.org/packages/27/05/3f246149a728b5d829dd8e0b75379fd6bce0d420de4042b8ca692083f96d/ckzg-2.0.1-cp313-cp313-manylinux_2_12_i686.manylinux2010_i686.manylinux_2_17_i686.manylinux2014_i686.whl", hash = "sha256:d25d006899d76bb8c9d3e8b27981dd6b66a78f9826e33c1bf981af6577a69a19", size = 175008 },
    { url = "https://files.pythonhosted.org/packages/5f/76/df568b24de6bdbb99fe2c48519744d01f1b9e152fa791ed84b43a2752e78/ckzg-2.0.1-cp313-cp313-manylinux_2_17_aarch64.manylinux2014_aarch64.whl", hash = "sha256:a04bf0b32f04f5ea5e4b8518e292d3321bc05596fde95f9c3b4f504e5e4bc780", size = 161009 },
    { url = "https://files.pythonhosted.org/packages/7f/b5/8bbde8acb339a018c0456fb9af714fcca86ed9bf96114ece9556415afbac/ckzg-2.0.1-cp313-cp313-manylinux_2_17_x86_64.manylinux2014_x86_64.whl", hash = "sha256:1d0cf3dccd72376bff10e1833641cc9d642f34f60ca63972626d9dfcfdc8e77f", size = 169873 },
    { url = "https://files.pythonhosted.org/packages/5f/8f/9b9492f807acbfe791c4c447bbeb96e19160fda272328a9dc6700a2fcb08/ckzg-2.0.1-cp313-cp313-musllinux_1_2_aarch64.whl", hash = "sha256:770809c7e93087470cc524724419b0f85590edb033c7c73ba94aef70b36ca18b", size = 171438 },
    { url = "https://files.pythonhosted.org/packages/f1/58/47d4ed23e338dbe1b06cca99e55ae49c3a539d88576c5893e8b589bf3ac6/ckzg-2.0.1-cp313-cp313-musllinux_1_2_i686.whl", hash = "sha256:e31b59b8124148d5e21f7e41b35532d7af98260c44a77c3917958adece84296d", size = 186020 },
    { url = "https://files.pythonhosted.org/packages/a5/f0/dc6f961b325d186af1a469e7119a0f48cdc36240f2aca6e10a5e5f91b8b8/ckzg-2.0.1-cp313-cp313-musllinux_1_2_x86_64.whl", hash = "sha256:174f0c356df644d6e349ce03b7284d83dbec859e11ca5d1b1b3bace8b8fbc65d", size = 180132 },
    { url = "https://files.pythonhosted.org/packages/72/ca/44676731ca52e6d2289f7e9c74d836f59dc986e9b4182ddd2c7d0b14d88f/ckzg-2.0.1-cp313-cp313-win_amd64.whl", hash = "sha256:30e375cd45142e56b5dbfdec05ce4deb2368d7f7dedfc7408ba37d5639af05ff", size = 98284 },
]

[[package]]
name = "cytoolz"
version = "1.0.1"
source = { registry = "https://pypi.org/simple" }
dependencies = [
    { name = "toolz" },
]
sdist = { url = "https://files.pythonhosted.org/packages/a7/f9/3243eed3a6545c2a33a21f74f655e3fcb5d2192613cd3db81a93369eb339/cytoolz-1.0.1.tar.gz", hash = "sha256:89cc3161b89e1bb3ed7636f74ed2e55984fd35516904fc878cae216e42b2c7d6", size = 626652 }
wheels = [
    { url = "https://files.pythonhosted.org/packages/aa/2e/a9f069db0107749e9e72baf6c21abe3f006841a3bcfdc9b8420e22ef31eb/cytoolz-1.0.1-cp313-cp313-macosx_10_13_x86_64.whl", hash = "sha256:6944bb93b287032a4c5ca6879b69bcd07df46f3079cf8393958cf0b0454f50c0", size = 407365 },
    { url = "https://files.pythonhosted.org/packages/a9/9b/5e87dd0e31f54c778b4f9f34cc14c1162d3096c8d746b0f8be97d70dd73c/cytoolz-1.0.1-cp313-cp313-macosx_11_0_arm64.whl", hash = "sha256:e027260fd2fc5cb041277158ac294fc13dca640714527219f702fb459a59823a", size = 385233 },
    { url = "https://files.pythonhosted.org/packages/63/00/2fd32b16284cdb97cfe092822179bc0c3bcdd5e927dd39f986169a517642/cytoolz-1.0.1-cp313-cp313-manylinux_2_17_aarch64.manylinux2014_aarch64.whl", hash = "sha256:88662c0e07250d26f5af9bc95911e6137e124a5c1ec2ce4a5d74de96718ab242", size = 2062903 },
    { url = "https://files.pythonhosted.org/packages/85/39/b3cbb5a9847ba59584a263772ad4f8ca2dbfd2a0e11efd09211d1219804c/cytoolz-1.0.1-cp313-cp313-manylinux_2_17_ppc64le.manylinux2014_ppc64le.whl", hash = "sha256:309dffa78b0961b4c0cf55674b828fbbc793cf2d816277a5c8293c0c16155296", size = 2139517 },
    { url = "https://files.pythonhosted.org/packages/ea/39/bfcab4a46d50c467e36fe704f19d8904efead417787806ee210327f68390/cytoolz-1.0.1-cp313-cp313-manylinux_2_17_s390x.manylinux2014_s390x.whl", hash = "sha256:edb34246e6eb40343c5860fc51b24937698e4fa1ee415917a73ad772a9a1746b", size = 2154849 },
    { url = "https://files.pythonhosted.org/packages/fd/42/3bc6ee61b0aa47e1cb40819adc1a456d7efa809f0dea9faddacb43fdde8f/cytoolz-1.0.1-cp313-cp313-manylinux_2_17_x86_64.manylinux2014_x86_64.whl", hash = "sha256:0a54da7a8e4348a18d45d4d5bc84af6c716d7f131113a4f1cc45569d37edff1b", size = 2102302 },
    { url = "https://files.pythonhosted.org/packages/00/66/3f636c6ddea7b18026b90a8c238af472e423b86e427b11df02213689b012/cytoolz-1.0.1-cp313-cp313-manylinux_2_5_i686.manylinux1_i686.manylinux_2_17_i686.manylinux2014_i686.whl", hash = "sha256:241c679c3b1913c0f7259cf1d9639bed5084c86d0051641d537a0980548aa266", size = 1960872 },
    { url = "https://files.pythonhosted.org/packages/40/36/cb3b7cdd651007b69f9c48e9d104cec7cb8dc53afa1d6a720e5ad08022fa/cytoolz-1.0.1-cp313-cp313-musllinux_1_2_aarch64.whl", hash = "sha256:5bfc860251a8f280ac79696fc3343cfc3a7c30b94199e0240b6c9e5b6b01a2a5", size = 2014430 },
    { url = "https://files.pythonhosted.org/packages/88/3f/2e9bd2a16cfd269808922147551dcb2d8b68ba54a2c4deca2fa6a6cd0d5f/cytoolz-1.0.1-cp313-cp313-musllinux_1_2_i686.whl", hash = "sha256:c8edd1547014050c1bdad3ff85d25c82bd1c2a3c96830c6181521eb78b9a42b3", size = 2003127 },
    { url = "https://files.pythonhosted.org/packages/c4/7d/08604ff940aa784df8343c387fdf2489b948b714a6afb587775ae94da912/cytoolz-1.0.1-cp313-cp313-musllinux_1_2_ppc64le.whl", hash = "sha256:b349bf6162e8de215403d7f35f8a9b4b1853dc2a48e6e1a609a5b1a16868b296", size = 2142369 },
    { url = "https://files.pythonhosted.org/packages/d2/c6/39919a0645bdbdf720e97cae107f959ea9d1267fbc3b0d94fc6e1d12ac8f/cytoolz-1.0.1-cp313-cp313-musllinux_1_2_s390x.whl", hash = "sha256:1b18b35256219b6c3dd0fa037741b85d0bea39c552eab0775816e85a52834140", size = 2180427 },
    { url = "https://files.pythonhosted.org/packages/d8/03/dbb9d47556ee54337e7e0ac209d17ceff2d2a197c34de08005abc7a7449b/cytoolz-1.0.1-cp313-cp313-musllinux_1_2_x86_64.whl", hash = "sha256:738b2350f340ff8af883eb301054eb724997f795d20d90daec7911c389d61581", size = 2069785 },
    { url = "https://files.pythonhosted.org/packages/ea/f8/11bb7b8947002231faae3ec2342df5896afbc19eb783a332cce6d219ff79/cytoolz-1.0.1-cp313-cp313-win32.whl", hash = "sha256:9cbd9c103df54fcca42be55ef40e7baea624ac30ee0b8bf1149f21146d1078d9", size = 320685 },
    { url = "https://files.pythonhosted.org/packages/40/eb/dde173cf2357084ca9423950be1f2f11ab11d65d8bd30165bfb8fd4213e9/cytoolz-1.0.1-cp313-cp313-win_amd64.whl", hash = "sha256:90e577e08d3a4308186d9e1ec06876d4756b1e8164b92971c69739ea17e15297", size = 362898 },
]

[[package]]
name = "eth-abi"
version = "5.2.0"
source = { registry = "https://pypi.org/simple" }
dependencies = [
    { name = "eth-typing" },
    { name = "eth-utils" },
    { name = "parsimonious" },
]
sdist = { url = "https://files.pythonhosted.org/packages/00/71/d9e1380bd77fd22f98b534699af564f189b56d539cc2b9dab908d4e4c242/eth_abi-5.2.0.tar.gz", hash = "sha256:178703fa98c07d8eecd5ae569e7e8d159e493ebb6eeb534a8fe973fbc4e40ef0", size = 49797 }
wheels = [
    { url = "https://files.pythonhosted.org/packages/7a/b4/2f3982c4cbcbf5eeb6aec62df1533c0e63c653b3021ff338d44944405676/eth_abi-5.2.0-py3-none-any.whl", hash = "sha256:17abe47560ad753f18054f5b3089fcb588f3e3a092136a416b6c1502cb7e8877", size = 28511 },
]

[[package]]
name = "eth-account"
version = "0.13.5"
source = { registry = "https://pypi.org/simple" }
dependencies = [
    { name = "bitarray" },
    { name = "ckzg" },
    { name = "eth-abi" },
    { name = "eth-keyfile" },
    { name = "eth-keys" },
    { name = "eth-rlp" },
    { name = "eth-utils" },
    { name = "hexbytes" },
    { name = "pydantic" },
    { name = "rlp" },
]
sdist = { url = "https://files.pythonhosted.org/packages/23/0d/016e90c67a9c14cd38f4e7b46ef362795fe0f9be1ea4b26026846bdae68e/eth_account-0.13.5.tar.gz", hash = "sha256:010c9ce5f3d2688106cf9bfeb711bb8eaf0154ea6f85325f54fecea85c2b3759", size = 7793978 }
wheels = [
    { url = "https://files.pythonhosted.org/packages/56/b9/d20fc50a5c04b23bd3e2f3d7864b529e0888f928d62b69209c778268e08e/eth_account-0.13.5-py3-none-any.whl", hash = "sha256:e43fd30c9a7fabb882b50e8c4c41d4486d2f3478ad97c66bb18cfcc872fdbec8", size = 580746 },
]

[[package]]
name = "eth-hash"
version = "0.7.1"
source = { registry = "https://pypi.org/simple" }
sdist = { url = "https://files.pythonhosted.org/packages/ee/38/577b7bc9380ef9dff0f1dffefe0c9a1ded2385e7a06c306fd95afb6f9451/eth_hash-0.7.1.tar.gz", hash = "sha256:d2411a403a0b0a62e8247b4117932d900ffb4c8c64b15f92620547ca5ce46be5", size = 12227 }
wheels = [
    { url = "https://files.pythonhosted.org/packages/eb/db/f8775490669d28aca24871c67dd56b3e72105cb3bcae9a4ec65dd70859b3/eth_hash-0.7.1-py3-none-any.whl", hash = "sha256:0fb1add2adf99ef28883fd6228eb447ef519ea72933535ad1a0b28c6f65f868a", size = 8028 },
]

[[package]]
name = "eth-keyfile"
version = "0.8.1"
source = { registry = "https://pypi.org/simple" }
dependencies = [
    { name = "eth-keys" },
    { name = "eth-utils" },
    { name = "pycryptodome" },
]
sdist = { url = "https://files.pythonhosted.org/packages/35/66/dd823b1537befefbbff602e2ada88f1477c5b40ec3731e3d9bc676c5f716/eth_keyfile-0.8.1.tar.gz", hash = "sha256:9708bc31f386b52cca0969238ff35b1ac72bd7a7186f2a84b86110d3c973bec1", size = 12267 }
wheels = [
    { url = "https://files.pythonhosted.org/packages/88/fc/48a586175f847dd9e05e5b8994d2fe8336098781ec2e9836a2ad94280281/eth_keyfile-0.8.1-py3-none-any.whl", hash = "sha256:65387378b82fe7e86d7cb9f8d98e6d639142661b2f6f490629da09fddbef6d64", size = 7510 },
]

[[package]]
name = "eth-keys"
version = "0.6.1"
source = { registry = "https://pypi.org/simple" }
dependencies = [
    { name = "eth-typing" },
    { name = "eth-utils" },
]
sdist = { url = "https://files.pythonhosted.org/packages/ac/72/96db2e3d27c64d3e4a6bf1397447d029e4268fd70b0f1ee4192d6e8d75cd/eth_keys-0.6.1.tar.gz", hash = "sha256:a43e263cbcabfd62fa769168efc6c27b1f5603040e4de22bb84d12567e4fd962", size = 30090 }
wheels = [
    { url = "https://files.pythonhosted.org/packages/5f/67/c241c85e9cb9c4d8c14440dd82f7fbe39536592bf59c6b643004ac63eab2/eth_keys-0.6.1-py3-none-any.whl", hash = "sha256:7deae4cd56e862e099ec58b78176232b931c4ea5ecded2f50c7b1ccbc10c24cf", size = 21292 },
]

[[package]]
name = "eth-rlp"
version = "2.2.0"
source = { registry = "https://pypi.org/simple" }
dependencies = [
    { name = "eth-utils" },
    { name = "hexbytes" },
    { name = "rlp" },
]
sdist = { url = "https://files.pythonhosted.org/packages/7f/ea/ad39d001fa9fed07fad66edb00af701e29b48be0ed44a3bcf58cb3adf130/eth_rlp-2.2.0.tar.gz", hash = "sha256:5e4b2eb1b8213e303d6a232dfe35ab8c29e2d3051b86e8d359def80cd21db83d", size = 7720 }
wheels = [
    { url = "https://files.pythonhosted.org/packages/99/3b/57efe2bc2df0980680d57c01a36516cd3171d2319ceb30e675de19fc2cc5/eth_rlp-2.2.0-py3-none-any.whl", hash = "sha256:5692d595a741fbaef1203db6a2fedffbd2506d31455a6ad378c8449ee5985c47", size = 4446 },
]

[[package]]
name = "eth-typing"
version = "5.2.0"
source = { registry = "https://pypi.org/simple" }
dependencies = [
    { name = "typing-extensions" },
]
sdist = { url = "https://files.pythonhosted.org/packages/bd/4a/1faf216a53427ae9111524ebd139b99c0b93fb3dcadf0c972c3433055370/eth_typing-5.2.0.tar.gz", hash = "sha256:28685f7e2270ea0d209b75bdef76d8ecef27703e1a16399f6929820d05071c28", size = 21794 }
wheels = [
    { url = "https://files.pythonhosted.org/packages/3c/83/7b29c2cfde5d2131eac18c47692440465a61122ce28164b5f480c800e358/eth_typing-5.2.0-py3-none-any.whl", hash = "sha256:e1f424e97990fc3c6a1c05a7b0968caed4e20e9c99a4d5f4db3df418e25ddc80", size = 19120 },
]

[[package]]
name = "eth-utils"
version = "5.2.0"
source = { registry = "https://pypi.org/simple" }
dependencies = [
    { name = "cytoolz", marker = "implementation_name == 'cpython'" },
    { name = "eth-hash" },
    { name = "eth-typing" },
    { name = "toolz", marker = "implementation_name == 'pypy'" },
]
sdist = { url = "https://files.pythonhosted.org/packages/27/e9/f4210d19fa45a23b239017cd75b535d594d8945ef6afc4bb3ab9ee4ff269/eth_utils-5.2.0.tar.gz", hash = "sha256:17e474eb654df6e18f20797b22c6caabb77415a996b3ba0f3cc8df3437463134", size = 120366 }
wheels = [
    { url = "https://files.pythonhosted.org/packages/4f/88/e4e2cc869eaab9a830ac69f213d0609a4f5c5377cde10698cdef6ad2874e/eth_utils-5.2.0-py3-none-any.whl", hash = "sha256:4d43eeb6720e89a042ad5b28d4b2111630ae764f444b85cbafb708d7f076da10", size = 100516 },
]

[[package]]
name = "hexbytes"
version = "1.3.0"
source = { registry = "https://pypi.org/simple" }
sdist = { url = "https://files.pythonhosted.org/packages/83/71/1a3f2439cf138b555c182fffeffbf67c090837e4570370af85ee8e57013f/hexbytes-1.3.0.tar.gz", hash = "sha256:4a61840c24b0909a6534350e2d28ee50159ca1c9e89ce275fd31c110312cf684", size = 8200 }
wheels = [
    { url = "https://files.pythonhosted.org/packages/02/96/035871b535a728700d3cc5b94cf883706f345c5a088253f26f0bee0b7939/hexbytes-1.3.0-py3-none-any.whl", hash = "sha256:83720b529c6e15ed21627962938dc2dec9bb1010f17bbbd66bf1e6a8287d522c", size = 4902 },
]

[[package]]
name = "hyperliquid-multisig"
version = "0.1.0"
source = { virtual = "." }
dependencies = [
    { name = "hyperliquid-python-sdk" },
]

[package.metadata]
requires-dist = [{ name = "hyperliquid-python-sdk", specifier = ">=0.10.1" }]

[[package]]
name = "hyperliquid-python-sdk"
version = "0.10.1"
source = { registry = "https://pypi.org/simple" }
dependencies = [
    { name = "eth-account" },
    { name = "eth-utils" },
    { name = "msgpack" },
    { name = "requests" },
    { name = "websocket-client" },
]
sdist = { url = "https://files.pythonhosted.org/packages/e9/8f/22294bbd3a6a57c990045d740cf91f53c450edccff7f1ca4d1b824e94de4/hyperliquid_python_sdk-0.10.1.tar.gz", hash = "sha256:0353cc732ba96358ec499e67733ac5e78aefbfe12bca381c834cc8e3c61c1dea", size = 20362 }
wheels = [
    { url = "https://files.pythonhosted.org/packages/84/7a/c86ecbffeead6803f16942e56f61b4afbdb78bf5f5d8b9846ef82d6d2528/hyperliquid_python_sdk-0.10.1-py3-none-any.whl", hash = "sha256:6756edd3993a7bd1574ad10d9d651b43b935f5f9bb6db76ff6af6d1a4c812501", size = 19980 },
]

[[package]]
name = "idna"
version = "3.10"
source = { registry = "https://pypi.org/simple" }
sdist = { url = "https://files.pythonhosted.org/packages/f1/70/7703c29685631f5a7590aa73f1f1d3fa9a380e654b86af429e0934a32f7d/idna-3.10.tar.gz", hash = "sha256:12f65c9b470abda6dc35cf8e63cc574b1c52b11df2c86030af0ac09b01b13ea9", size = 190490 }
wheels = [
    { url = "https://files.pythonhosted.org/packages/76/c6/c88e154df9c4e1a2a66ccf0005a88dfb2650c1dffb6f5ce603dfbd452ce3/idna-3.10-py3-none-any.whl", hash = "sha256:946d195a0d259cbba61165e88e65941f16e9b36ea6ddb97f00452bae8b1287d3", size = 70442 },
]

[[package]]
name = "msgpack"
version = "1.1.0"
source = { registry = "https://pypi.org/simple" }
sdist = { url = "https://files.pythonhosted.org/packages/cb/d0/7555686ae7ff5731205df1012ede15dd9d927f6227ea151e901c7406af4f/msgpack-1.1.0.tar.gz", hash = "sha256:dd432ccc2c72b914e4cb77afce64aab761c1137cc698be3984eee260bcb2896e", size = 167260 }
wheels = [
    { url = "https://files.pythonhosted.org/packages/c8/b0/380f5f639543a4ac413e969109978feb1f3c66e931068f91ab6ab0f8be00/msgpack-1.1.0-cp313-cp313-macosx_10_13_universal2.whl", hash = "sha256:071603e2f0771c45ad9bc65719291c568d4edf120b44eb36324dcb02a13bfddf", size = 151142 },
    { url = "https://files.pythonhosted.org/packages/c8/ee/be57e9702400a6cb2606883d55b05784fada898dfc7fd12608ab1fdb054e/msgpack-1.1.0-cp313-cp313-macosx_10_13_x86_64.whl", hash = "sha256:0f92a83b84e7c0749e3f12821949d79485971f087604178026085f60ce109330", size = 84523 },
    { url = "https://files.pythonhosted.org/packages/7e/3a/2919f63acca3c119565449681ad08a2f84b2171ddfcff1dba6959db2cceb/msgpack-1.1.0-cp313-cp313-macosx_11_0_arm64.whl", hash = "sha256:4a1964df7b81285d00a84da4e70cb1383f2e665e0f1f2a7027e683956d04b734", size = 81556 },
    { url = "https://files.pythonhosted.org/packages/7c/43/a11113d9e5c1498c145a8925768ea2d5fce7cbab15c99cda655aa09947ed/msgpack-1.1.0-cp313-cp313-manylinux_2_17_aarch64.manylinux2014_aarch64.whl", hash = "sha256:59caf6a4ed0d164055ccff8fe31eddc0ebc07cf7326a2aaa0dbf7a4001cd823e", size = 392105 },
    { url = "https://files.pythonhosted.org/packages/2d/7b/2c1d74ca6c94f70a1add74a8393a0138172207dc5de6fc6269483519d048/msgpack-1.1.0-cp313-cp313-manylinux_2_17_x86_64.manylinux2014_x86_64.whl", hash = "sha256:0907e1a7119b337971a689153665764adc34e89175f9a34793307d9def08e6ca", size = 399979 },
    { url = "https://files.pythonhosted.org/packages/82/8c/cf64ae518c7b8efc763ca1f1348a96f0e37150061e777a8ea5430b413a74/msgpack-1.1.0-cp313-cp313-manylinux_2_5_i686.manylinux1_i686.manylinux_2_17_i686.manylinux2014_i686.whl", hash = "sha256:65553c9b6da8166e819a6aa90ad15288599b340f91d18f60b2061f402b9a4915", size = 383816 },
    { url = "https://files.pythonhosted.org/packages/69/86/a847ef7a0f5ef3fa94ae20f52a4cacf596a4e4a010197fbcc27744eb9a83/msgpack-1.1.0-cp313-cp313-musllinux_1_2_aarch64.whl", hash = "sha256:7a946a8992941fea80ed4beae6bff74ffd7ee129a90b4dd5cf9c476a30e9708d", size = 380973 },
    { url = "https://files.pythonhosted.org/packages/aa/90/c74cf6e1126faa93185d3b830ee97246ecc4fe12cf9d2d31318ee4246994/msgpack-1.1.0-cp313-cp313-musllinux_1_2_i686.whl", hash = "sha256:4b51405e36e075193bc051315dbf29168d6141ae2500ba8cd80a522964e31434", size = 387435 },
    { url = "https://files.pythonhosted.org/packages/7a/40/631c238f1f338eb09f4acb0f34ab5862c4e9d7eda11c1b685471a4c5ea37/msgpack-1.1.0-cp313-cp313-musllinux_1_2_x86_64.whl", hash = "sha256:b4c01941fd2ff87c2a934ee6055bda4ed353a7846b8d4f341c428109e9fcde8c", size = 399082 },
    { url = "https://files.pythonhosted.org/packages/e9/1b/fa8a952be252a1555ed39f97c06778e3aeb9123aa4cccc0fd2acd0b4e315/msgpack-1.1.0-cp313-cp313-win32.whl", hash = "sha256:7c9a35ce2c2573bada929e0b7b3576de647b0defbd25f5139dcdaba0ae35a4cc", size = 69037 },
    { url = "https://files.pythonhosted.org/packages/b6/bc/8bd826dd03e022153bfa1766dcdec4976d6c818865ed54223d71f07862b3/msgpack-1.1.0-cp313-cp313-win_amd64.whl", hash = "sha256:bce7d9e614a04d0883af0b3d4d501171fbfca038f12c77fa838d9f198147a23f", size = 75140 },
]

[[package]]
name = "parsimonious"
version = "0.10.0"
source = { registry = "https://pypi.org/simple" }
dependencies = [
    { name = "regex" },
]
sdist = { url = "https://files.pythonhosted.org/packages/7b/91/abdc50c4ef06fdf8d047f60ee777ca9b2a7885e1a9cea81343fbecda52d7/parsimonious-0.10.0.tar.gz", hash = "sha256:8281600da180ec8ae35427a4ab4f7b82bfec1e3d1e52f80cb60ea82b9512501c", size = 52172 }
wheels = [
    { url = "https://files.pythonhosted.org/packages/aa/0f/c8b64d9b54ea631fcad4e9e3c8dbe8c11bb32a623be94f22974c88e71eaf/parsimonious-0.10.0-py3-none-any.whl", hash = "sha256:982ab435fabe86519b57f6b35610aa4e4e977e9f02a14353edf4bbc75369fc0f", size = 48427 },
]

[[package]]
name = "pycryptodome"
version = "3.21.0"
source = { registry = "https://pypi.org/simple" }
sdist = { url = "https://files.pythonhosted.org/packages/13/52/13b9db4a913eee948152a079fe58d035bd3d1a519584155da8e786f767e6/pycryptodome-3.21.0.tar.gz", hash = "sha256:f7787e0d469bdae763b876174cf2e6c0f7be79808af26b1da96f1a64bcf47297", size = 4818071 }
wheels = [
    { url = "https://files.pythonhosted.org/packages/a7/88/5e83de10450027c96c79dc65ac45e9d0d7a7fef334f39d3789a191f33602/pycryptodome-3.21.0-cp36-abi3-macosx_10_9_universal2.whl", hash = "sha256:2480ec2c72438430da9f601ebc12c518c093c13111a5c1644c82cdfc2e50b1e4", size = 2495937 },
    { url = "https://files.pythonhosted.org/packages/66/e1/8f28cd8cf7f7563319819d1e172879ccce2333781ae38da61c28fe22d6ff/pycryptodome-3.21.0-cp36-abi3-macosx_10_9_x86_64.whl", hash = "sha256:de18954104667f565e2fbb4783b56667f30fb49c4d79b346f52a29cb198d5b6b", size = 1634629 },
    { url = "https://files.pythonhosted.org/packages/6a/c1/f75a1aaff0c20c11df8dc8e2bf8057e7f73296af7dfd8cbb40077d1c930d/pycryptodome-3.21.0-cp36-abi3-manylinux_2_17_aarch64.manylinux2014_aarch64.whl", hash = "sha256:2de4b7263a33947ff440412339cb72b28a5a4c769b5c1ca19e33dd6cd1dcec6e", size = 2168708 },
    { url = "https://files.pythonhosted.org/packages/ea/66/6f2b7ddb457b19f73b82053ecc83ba768680609d56dd457dbc7e902c41aa/pycryptodome-3.21.0-cp36-abi3-manylinux_2_17_x86_64.manylinux2014_x86_64.whl", hash = "sha256:0714206d467fc911042d01ea3a1847c847bc10884cf674c82e12915cfe1649f8", size = 2254555 },
    { url = "https://files.pythonhosted.org/packages/2c/2b/152c330732a887a86cbf591ed69bd1b489439b5464806adb270f169ec139/pycryptodome-3.21.0-cp36-abi3-manylinux_2_5_i686.manylinux1_i686.manylinux_2_17_i686.manylinux2014_i686.whl", hash = "sha256:7d85c1b613121ed3dbaa5a97369b3b757909531a959d229406a75b912dd51dd1", size = 2294143 },
    { url = "https://files.pythonhosted.org/packages/55/92/517c5c498c2980c1b6d6b9965dffbe31f3cd7f20f40d00ec4069559c5902/pycryptodome-3.21.0-cp36-abi3-musllinux_1_1_aarch64.whl", hash = "sha256:8898a66425a57bcf15e25fc19c12490b87bd939800f39a03ea2de2aea5e3611a", size = 2160509 },
    { url = "https://files.pythonhosted.org/packages/39/1f/c74288f54d80a20a78da87df1818c6464ac1041d10988bb7d982c4153fbc/pycryptodome-3.21.0-cp36-abi3-musllinux_1_2_i686.whl", hash = "sha256:932c905b71a56474bff8a9c014030bc3c882cee696b448af920399f730a650c2", size = 2329480 },
    { url = "https://files.pythonhosted.org/packages/39/1b/d0b013bf7d1af7cf0a6a4fce13f5fe5813ab225313755367b36e714a63f8/pycryptodome-3.21.0-cp36-abi3-musllinux_1_2_x86_64.whl", hash = "sha256:18caa8cfbc676eaaf28613637a89980ad2fd96e00c564135bf90bc3f0b34dd93", size = 2254397 },
    { url = "https://files.pythonhosted.org/packages/14/71/4cbd3870d3e926c34706f705d6793159ac49d9a213e3ababcdade5864663/pycryptodome-3.21.0-cp36-abi3-win32.whl", hash = "sha256:280b67d20e33bb63171d55b1067f61fbd932e0b1ad976b3a184303a3dad22764", size = 1775641 },
    { url = "https://files.pythonhosted.org/packages/43/1d/81d59d228381576b92ecede5cd7239762c14001a828bdba30d64896e9778/pycryptodome-3.21.0-cp36-abi3-win_amd64.whl", hash = "sha256:b7aa25fc0baa5b1d95b7633af4f5f1838467f1815442b22487426f94e0d66c53", size = 1812863 },
    { url = "https://files.pythonhosted.org/packages/25/b3/09ff7072e6d96c9939c24cf51d3c389d7c345bf675420355c22402f71b68/pycryptodome-3.21.0-pp27-pypy_73-manylinux2010_x86_64.whl", hash = "sha256:2cb635b67011bc147c257e61ce864879ffe6d03342dc74b6045059dfbdedafca", size = 1691593 },
    { url = "https://files.pythonhosted.org/packages/a8/91/38e43628148f68ba9b68dedbc323cf409e537fd11264031961fd7c744034/pycryptodome-3.21.0-pp27-pypy_73-win32.whl", hash = "sha256:4c26a2f0dc15f81ea3afa3b0c87b87e501f235d332b7f27e2225ecb80c0b1cdd", size = 1765997 },
]

[[package]]
name = "pydantic"
version = "2.10.6"
source = { registry = "https://pypi.org/simple" }
dependencies = [
    { name = "annotated-types" },
    { name = "pydantic-core" },
    { name = "typing-extensions" },
]
sdist = { url = "https://files.pythonhosted.org/packages/b7/ae/d5220c5c52b158b1de7ca89fc5edb72f304a70a4c540c84c8844bf4008de/pydantic-2.10.6.tar.gz", hash = "sha256:ca5daa827cce33de7a42be142548b0096bf05a7e7b365aebfa5f8eeec7128236", size = 761681 }
wheels = [
    { url = "https://files.pythonhosted.org/packages/f4/3c/8cc1cc84deffa6e25d2d0c688ebb80635dfdbf1dbea3e30c541c8cf4d860/pydantic-2.10.6-py3-none-any.whl", hash = "sha256:427d664bf0b8a2b34ff5dd0f5a18df00591adcee7198fbd71981054cef37b584", size = 431696 },
]

[[package]]
name = "pydantic-core"
version = "2.27.2"
source = { registry = "https://pypi.org/simple" }
dependencies = [
    { name = "typing-extensions" },
]
sdist = { url = "https://files.pythonhosted.org/packages/fc/01/f3e5ac5e7c25833db5eb555f7b7ab24cd6f8c322d3a3ad2d67a952dc0abc/pydantic_core-2.27.2.tar.gz", hash = "sha256:eb026e5a4c1fee05726072337ff51d1efb6f59090b7da90d30ea58625b1ffb39", size = 413443 }
wheels = [
    { url = "https://files.pythonhosted.org/packages/41/b1/9bc383f48f8002f99104e3acff6cba1231b29ef76cfa45d1506a5cad1f84/pydantic_core-2.27.2-cp313-cp313-macosx_10_12_x86_64.whl", hash = "sha256:7d14bd329640e63852364c306f4d23eb744e0f8193148d4044dd3dacdaacbd8b", size = 1892709 },
    { url = "https://files.pythonhosted.org/packages/10/6c/e62b8657b834f3eb2961b49ec8e301eb99946245e70bf42c8817350cbefc/pydantic_core-2.27.2-cp313-cp313-macosx_11_0_arm64.whl", hash = "sha256:82f91663004eb8ed30ff478d77c4d1179b3563df6cdb15c0817cd1cdaf34d154", size = 1811273 },
    { url = "https://files.pythonhosted.org/packages/ba/15/52cfe49c8c986e081b863b102d6b859d9defc63446b642ccbbb3742bf371/pydantic_core-2.27.2-cp313-cp313-manylinux_2_17_aarch64.manylinux2014_aarch64.whl", hash = "sha256:71b24c7d61131bb83df10cc7e687433609963a944ccf45190cfc21e0887b08c9", size = 1823027 },
    { url = "https://files.pythonhosted.org/packages/b1/1c/b6f402cfc18ec0024120602bdbcebc7bdd5b856528c013bd4d13865ca473/pydantic_core-2.27.2-cp313-cp313-manylinux_2_17_armv7l.manylinux2014_armv7l.whl", hash = "sha256:fa8e459d4954f608fa26116118bb67f56b93b209c39b008277ace29937453dc9", size = 1868888 },
    { url = "https://files.pythonhosted.org/packages/bd/7b/8cb75b66ac37bc2975a3b7de99f3c6f355fcc4d89820b61dffa8f1e81677/pydantic_core-2.27.2-cp313-cp313-manylinux_2_17_ppc64le.manylinux2014_ppc64le.whl", hash = "sha256:ce8918cbebc8da707ba805b7fd0b382816858728ae7fe19a942080c24e5b7cd1", size = 2037738 },
    { url = "https://files.pythonhosted.org/packages/c8/f1/786d8fe78970a06f61df22cba58e365ce304bf9b9f46cc71c8c424e0c334/pydantic_core-2.27.2-cp313-cp313-manylinux_2_17_s390x.manylinux2014_s390x.whl", hash = "sha256:eda3f5c2a021bbc5d976107bb302e0131351c2ba54343f8a496dc8783d3d3a6a", size = 2685138 },
    { url = "https://files.pythonhosted.org/packages/a6/74/d12b2cd841d8724dc8ffb13fc5cef86566a53ed358103150209ecd5d1999/pydantic_core-2.27.2-cp313-cp313-manylinux_2_17_x86_64.manylinux2014_x86_64.whl", hash = "sha256:bd8086fa684c4775c27f03f062cbb9eaa6e17f064307e86b21b9e0abc9c0f02e", size = 1997025 },
    { url = "https://files.pythonhosted.org/packages/a0/6e/940bcd631bc4d9a06c9539b51f070b66e8f370ed0933f392db6ff350d873/pydantic_core-2.27.2-cp313-cp313-manylinux_2_5_i686.manylinux1_i686.whl", hash = "sha256:8d9b3388db186ba0c099a6d20f0604a44eabdeef1777ddd94786cdae158729e4", size = 2004633 },
    { url = "https://files.pythonhosted.org/packages/50/cc/a46b34f1708d82498c227d5d80ce615b2dd502ddcfd8376fc14a36655af1/pydantic_core-2.27.2-cp313-cp313-musllinux_1_1_aarch64.whl", hash = "sha256:7a66efda2387de898c8f38c0cf7f14fca0b51a8ef0b24bfea5849f1b3c95af27", size = 1999404 },
    { url = "https://files.pythonhosted.org/packages/ca/2d/c365cfa930ed23bc58c41463bae347d1005537dc8db79e998af8ba28d35e/pydantic_core-2.27.2-cp313-cp313-musllinux_1_1_armv7l.whl", hash = "sha256:18a101c168e4e092ab40dbc2503bdc0f62010e95d292b27827871dc85450d7ee", size = 2130130 },
    { url = "https://files.pythonhosted.org/packages/f4/d7/eb64d015c350b7cdb371145b54d96c919d4db516817f31cd1c650cae3b21/pydantic_core-2.27.2-cp313-cp313-musllinux_1_1_x86_64.whl", hash = "sha256:ba5dd002f88b78a4215ed2f8ddbdf85e8513382820ba15ad5ad8955ce0ca19a1", size = 2157946 },
    { url = "https://files.pythonhosted.org/packages/a4/99/bddde3ddde76c03b65dfd5a66ab436c4e58ffc42927d4ff1198ffbf96f5f/pydantic_core-2.27.2-cp313-cp313-win32.whl", hash = "sha256:1ebaf1d0481914d004a573394f4be3a7616334be70261007e47c2a6fe7e50130", size = 1834387 },
    { url = "https://files.pythonhosted.org/packages/71/47/82b5e846e01b26ac6f1893d3c5f9f3a2eb6ba79be26eef0b759b4fe72946/pydantic_core-2.27.2-cp313-cp313-win_amd64.whl", hash = "sha256:953101387ecf2f5652883208769a79e48db18c6df442568a0b5ccd8c2723abee", size = 1990453 },
    { url = "https://files.pythonhosted.org/packages/51/b2/b2b50d5ecf21acf870190ae5d093602d95f66c9c31f9d5de6062eb329ad1/pydantic_core-2.27.2-cp313-cp313-win_arm64.whl", hash = "sha256:ac4dbfd1691affb8f48c2c13241a2e3b60ff23247cbcf981759c768b6633cf8b", size = 1885186 },
]

[[package]]
name = "regex"
version = "2024.11.6"
source = { registry = "https://pypi.org/simple" }
sdist = { url = "https://files.pythonhosted.org/packages/8e/5f/bd69653fbfb76cf8604468d3b4ec4c403197144c7bfe0e6a5fc9e02a07cb/regex-2024.11.6.tar.gz", hash = "sha256:7ab159b063c52a0333c884e4679f8d7a85112ee3078fe3d9004b2dd875585519", size = 399494 }
wheels = [
    { url = "https://files.pythonhosted.org/packages/90/73/bcb0e36614601016552fa9344544a3a2ae1809dc1401b100eab02e772e1f/regex-2024.11.6-cp313-cp313-macosx_10_13_universal2.whl", hash = "sha256:a6ba92c0bcdf96cbf43a12c717eae4bc98325ca3730f6b130ffa2e3c3c723d84", size = 483525 },
    { url = "https://files.pythonhosted.org/packages/0f/3f/f1a082a46b31e25291d830b369b6b0c5576a6f7fb89d3053a354c24b8a83/regex-2024.11.6-cp313-cp313-macosx_10_13_x86_64.whl", hash = "sha256:525eab0b789891ac3be914d36893bdf972d483fe66551f79d3e27146191a37d4", size = 288324 },
    { url = "https://files.pythonhosted.org/packages/09/c9/4e68181a4a652fb3ef5099e077faf4fd2a694ea6e0f806a7737aff9e758a/regex-2024.11.6-cp313-cp313-macosx_11_0_arm64.whl", hash = "sha256:086a27a0b4ca227941700e0b31425e7a28ef1ae8e5e05a33826e17e47fbfdba0", size = 284617 },
    { url = "https://files.pythonhosted.org/packages/fc/fd/37868b75eaf63843165f1d2122ca6cb94bfc0271e4428cf58c0616786dce/regex-2024.11.6-cp313-cp313-manylinux_2_17_aarch64.manylinux2014_aarch64.whl", hash = "sha256:bde01f35767c4a7899b7eb6e823b125a64de314a8ee9791367c9a34d56af18d0", size = 795023 },
    { url = "https://files.pythonhosted.org/packages/c4/7c/d4cd9c528502a3dedb5c13c146e7a7a539a3853dc20209c8e75d9ba9d1b2/regex-2024.11.6-cp313-cp313-manylinux_2_17_ppc64le.manylinux2014_ppc64le.whl", hash = "sha256:b583904576650166b3d920d2bcce13971f6f9e9a396c673187f49811b2769dc7", size = 833072 },
    { url = "https://files.pythonhosted.org/packages/4f/db/46f563a08f969159c5a0f0e722260568425363bea43bb7ae370becb66a67/regex-2024.11.6-cp313-cp313-manylinux_2_17_s390x.manylinux2014_s390x.whl", hash = "sha256:1c4de13f06a0d54fa0d5ab1b7138bfa0d883220965a29616e3ea61b35d5f5fc7", size = 823130 },
    { url = "https://files.pythonhosted.org/packages/db/60/1eeca2074f5b87df394fccaa432ae3fc06c9c9bfa97c5051aed70e6e00c2/regex-2024.11.6-cp313-cp313-manylinux_2_17_x86_64.manylinux2014_x86_64.whl", hash = "sha256:3cde6e9f2580eb1665965ce9bf17ff4952f34f5b126beb509fee8f4e994f143c", size = 796857 },
    { url = "https://files.pythonhosted.org/packages/10/db/ac718a08fcee981554d2f7bb8402f1faa7e868c1345c16ab1ebec54b0d7b/regex-2024.11.6-cp313-cp313-manylinux_2_5_i686.manylinux1_i686.manylinux_2_17_i686.manylinux2014_i686.whl", hash = "sha256:0d7f453dca13f40a02b79636a339c5b62b670141e63efd511d3f8f73fba162b3", size = 784006 },
    { url = "https://files.pythonhosted.org/packages/c2/41/7da3fe70216cea93144bf12da2b87367590bcf07db97604edeea55dac9ad/regex-2024.11.6-cp313-cp313-musllinux_1_2_aarch64.whl", hash = "sha256:59dfe1ed21aea057a65c6b586afd2a945de04fc7db3de0a6e3ed5397ad491b07", size = 781650 },
    { url = "https://files.pythonhosted.org/packages/a7/d5/880921ee4eec393a4752e6ab9f0fe28009435417c3102fc413f3fe81c4e5/regex-2024.11.6-cp313-cp313-musllinux_1_2_i686.whl", hash = "sha256:b97c1e0bd37c5cd7902e65f410779d39eeda155800b65fc4d04cc432efa9bc6e", size = 789545 },
    { url = "https://files.pythonhosted.org/packages/dc/96/53770115e507081122beca8899ab7f5ae28ae790bfcc82b5e38976df6a77/regex-2024.11.6-cp313-cp313-musllinux_1_2_ppc64le.whl", hash = "sha256:f9d1e379028e0fc2ae3654bac3cbbef81bf3fd571272a42d56c24007979bafb6", size = 853045 },
    { url = "https://files.pythonhosted.org/packages/31/d3/1372add5251cc2d44b451bd94f43b2ec78e15a6e82bff6a290ef9fd8f00a/regex-2024.11.6-cp313-cp313-musllinux_1_2_s390x.whl", hash = "sha256:13291b39131e2d002a7940fb176e120bec5145f3aeb7621be6534e46251912c4", size = 860182 },
    { url = "https://files.pythonhosted.org/packages/ed/e3/c446a64984ea9f69982ba1a69d4658d5014bc7a0ea468a07e1a1265db6e2/regex-2024.11.6-cp313-cp313-musllinux_1_2_x86_64.whl", hash = "sha256:4f51f88c126370dcec4908576c5a627220da6c09d0bff31cfa89f2523843316d", size = 787733 },
    { url = "https://files.pythonhosted.org/packages/2b/f1/e40c8373e3480e4f29f2692bd21b3e05f296d3afebc7e5dcf21b9756ca1c/regex-2024.11.6-cp313-cp313-win32.whl", hash = "sha256:63b13cfd72e9601125027202cad74995ab26921d8cd935c25f09c630436348ff", size = 262122 },
    { url = "https://files.pythonhosted.org/packages/45/94/bc295babb3062a731f52621cdc992d123111282e291abaf23faa413443ea/regex-2024.11.6-cp313-cp313-win_amd64.whl", hash = "sha256:2b3361af3198667e99927da8b84c1b010752fa4b1115ee30beaa332cabc3ef1a", size = 273545 },
]

[[package]]
name = "requests"
version = "2.32.3"
source = { registry = "https://pypi.org/simple" }
dependencies = [
    { name = "certifi" },
    { name = "charset-normalizer" },
    { name = "idna" },
    { name = "urllib3" },
]
sdist = { url = "https://files.pythonhosted.org/packages/63/70/2bf7780ad2d390a8d301ad0b550f1581eadbd9a20f896afe06353c2a2913/requests-2.32.3.tar.gz", hash = "sha256:55365417734eb18255590a9ff9eb97e9e1da868d4ccd6402399eaf68af20a760", size = 131218 }
wheels = [
    { url = "https://files.pythonhosted.org/packages/f9/9b/335f9764261e915ed497fcdeb11df5dfd6f7bf257d4a6a2a686d80da4d54/requests-2.32.3-py3-none-any.whl", hash = "sha256:70761cfe03c773ceb22aa2f671b4757976145175cdfca038c02654d061d6dcc6", size = 64928 },
]

[[package]]
name = "rlp"
version = "4.1.0"
source = { registry = "https://pypi.org/simple" }
dependencies = [
    { name = "eth-utils" },
]
sdist = { url = "https://files.pythonhosted.org/packages/1b/2d/439b0728a92964a04d9c88ea1ca9ebb128893fbbd5834faa31f987f2fd4c/rlp-4.1.0.tar.gz", hash = "sha256:be07564270a96f3e225e2c107db263de96b5bc1f27722d2855bd3459a08e95a9", size = 33429 }
wheels = [
    { url = "https://files.pythonhosted.org/packages/99/fb/e4c0ced9893b84ac95b7181d69a9786ce5879aeb3bbbcbba80a164f85d6a/rlp-4.1.0-py3-none-any.whl", hash = "sha256:8eca394c579bad34ee0b937aecb96a57052ff3716e19c7a578883e767bc5da6f", size = 19973 },
]

[[package]]
name = "toolz"
version = "1.0.0"
source = { registry = "https://pypi.org/simple" }
sdist = { url = "https://files.pythonhosted.org/packages/8a/0b/d80dfa675bf592f636d1ea0b835eab4ec8df6e9415d8cfd766df54456123/toolz-1.0.0.tar.gz", hash = "sha256:2c86e3d9a04798ac556793bced838816296a2f085017664e4995cb40a1047a02", size = 66790 }
wheels = [
    { url = "https://files.pythonhosted.org/packages/03/98/eb27cc78ad3af8e302c9d8ff4977f5026676e130d28dd7578132a457170c/toolz-1.0.0-py3-none-any.whl", hash = "sha256:292c8f1c4e7516bf9086f8850935c799a874039c8bcf959d47b600e4c44a6236", size = 56383 },
]

[[package]]
name = "typing-extensions"
version = "4.12.2"
source = { registry = "https://pypi.org/simple" }
sdist = { url = "https://files.pythonhosted.org/packages/df/db/f35a00659bc03fec321ba8bce9420de607a1d37f8342eee1863174c69557/typing_extensions-4.12.2.tar.gz", hash = "sha256:1a7ead55c7e559dd4dee8856e3a88b41225abfe1ce8df57b7c13915fe121ffb8", size = 85321 }
wheels = [
    { url = "https://files.pythonhosted.org/packages/26/9f/ad63fc0248c5379346306f8668cda6e2e2e9c95e01216d2b8ffd9ff037d0/typing_extensions-4.12.2-py3-none-any.whl", hash = "sha256:04e5ca0351e0f3f85c6853954072df659d0d13fac324d0072316b67d7794700d", size = 37438 },
]

[[package]]
name = "urllib3"
version = "2.3.0"
source = { registry = "https://pypi.org/simple" }
sdist = { url = "https://files.pythonhosted.org/packages/aa/63/e53da845320b757bf29ef6a9062f5c669fe997973f966045cb019c3f4b66/urllib3-2.3.0.tar.gz", hash = "sha256:f8c5449b3cf0861679ce7e0503c7b44b5ec981bec0d1d3795a07f1ba96f0204d", size = 307268 }
wheels = [
    { url = "https://files.pythonhosted.org/packages/c8/19/4ec628951a74043532ca2cf5d97b7b14863931476d117c471e8e2b1eb39f/urllib3-2.3.0-py3-none-any.whl", hash = "sha256:1cee9ad369867bfdbbb48b7dd50374c0967a0bb7710050facf0dd6911440e3df", size = 128369 },
]

[[package]]
name = "websocket-client"
version = "1.8.0"
source = { registry = "https://pypi.org/simple" }
sdist = { url = "https://files.pythonhosted.org/packages/e6/30/fba0d96b4b5fbf5948ed3f4681f7da2f9f64512e1d303f94b4cc174c24a5/websocket_client-1.8.0.tar.gz", hash = "sha256:3239df9f44da632f96012472805d40a23281a991027ce11d2f45a6f24ac4c3da", size = 54648 }
wheels = [
    { url = "https://files.pythonhosted.org/packages/5a/84/44687a29792a70e111c5c477230a72c4b957d88d16141199bf9acb7537a3/websocket_client-1.8.0-py3-none-any.whl", hash = "sha256:17b44cc997f5c498e809b22cdf2d9c7a9e71c02c8cc2b6c56e7c2d1239bfa526", size = 58826 },
]
